
Microsoft Visual Studio Solution File, Format Version 12.00
# Visual Studio Version 17
VisualStudioVersion = 17.10.35013.160
MinimumVisualStudioVersion = 10.0.40219.1
Project("{FAE04EC0-301F-11D3-BF4B-00C04F79EFBC}") = "ejemplos-ado-net", "ejemplos-ado-net\ejemplos-ado-net.csproj", "{14C3EB9B-A338-4340-AFBD-753CDDF5EF6B}"
EndProject
Global
	GlobalSection(SolutionConfigurationPlatforms) = preSolution
		Debug|Any CPU = Debug|Any CPU
		Release|Any CPU = Release|Any CPU
	EndGlobalSection
	GlobalSection(ProjectConfigurationPlatforms) = postSolution
		{14C3EB9B-A338-4340-AFBD-753CDDF5EF6B}.Debug|Any CPU.ActiveCfg = Debug|Any CPU
		{14C3EB9B-A338-4340-AFBD-753CDDF5EF6B}.Debug|Any CPU.Build.0 = Debug|Any CPU
		{14C3EB9B-A338-4340-AFBD-753CDDF5EF6B}.Release|Any CPU.ActiveCfg = Release|Any CPU
		{14C3EB9B-A338-4340-AFBD-753CDDF5EF6B}.Release|Any CPU.Build.0 = Release|Any CPU
	EndGlobalSection
	GlobalSection(SolutionProperties) = preSolution
		HideSolutionNode = FALSE
	EndGlobalSection
	GlobalSection(ExtensibilityGlobals) = postSolution
		SolutionGuid = {A11C844E-8FFB-4EC6-BBA1-6CEA2A6FB53B}
	EndGlobalSection
EndGlobal
